
Microsoft Visual Studio Solution File, Format Version 12.00
# Visual Studio Version 17
VisualStudioVersion = 17.7.34031.279
MinimumVisualStudioVersion = 10.0.40219.1
Project("{FAE04EC0-301F-11D3-BF4B-00C04F79EFBC}") = "ZarielMartApplication", "ZarielMartApplication\ZarielMartApplication.csproj", "{19B1BDAB-D1A9-4764-8F6A-B25394606C93}"
EndProject
Global
	GlobalSection(SolutionConfigurationPlatforms) = preSolution
		Debug|Any CPU = Debug|Any CPU
		Release|Any CPU = Release|Any CPU
	EndGlobalSection
	GlobalSection(ProjectConfigurationPlatforms) = postSolution
		{19B1BDAB-D1A9-4764-8F6A-B25394606C93}.Debug|Any CPU.ActiveCfg = Debug|Any CPU
		{19B1BDAB-D1A9-4764-8F6A-B25394606C93}.Debug|Any CPU.Build.0 = Debug|Any CPU
		{19B1BDAB-D1A9-4764-8F6A-B25394606C93}.Release|Any CPU.ActiveCfg = Release|Any CPU
		{19B1BDAB-D1A9-4764-8F6A-B25394606C93}.Release|Any CPU.Build.0 = Release|Any CPU
	EndGlobalSection
	GlobalSection(SolutionProperties) = preSolution
		HideSolutionNode = FALSE
	EndGlobalSection
	GlobalSection(ExtensibilityGlobals) = postSolution
		SolutionGuid = {83FEEABD-32E8-42AE-A2D3-C3520227397B}
	EndGlobalSection
EndGlobal
